// !$*UTF8*$!
{
	archiveVersion = 1;
	classes = {
	};
	objectVersion = 50;
	objects = {

/* Begin PBXBuildFile section */
		C0D1124121D5DFEE008183C9 /* AppDelegate.swift in Sources */ = {isa = PBXBuildFile; fileRef = C0D1124021D5DFEE008183C9 /* AppDelegate.swift */; };
		C0D1124321D5DFEE008183C9 /* ViewController.swift in Sources */ = {isa = PBXBuildFile; fileRef = C0D1124221D5DFEE008183C9 /* ViewController.swift */; };
		C0D1124621D5DFEE008183C9 /* Main.storyboard in Resources */ = {isa = PBXBuildFile; fileRef = C0D1124421D5DFEE008183C9 /* Main.storyboard */; };
		C0D1124821D5DFF1008183C9 /* Assets.xcassets in Resources */ = {isa = PBXBuildFile; fileRef = C0D1124721D5DFF1008183C9 /* Assets.xcassets */; };
		C0D1124B21D5DFF1008183C9 /* LaunchScreen.storyboard in Resources */ = {isa = PBXBuildFile; fileRef = C0D1124921D5DFF1008183C9 /* LaunchScreen.storyboard */; };
		C0D1125621D5DFF1008183C9 /* TipCalTests.swift in Sources */ = {isa = PBXBuildFile; fileRef = C0D1125521D5DFF1008183C9 /* TipCalTests.swift */; };
		C0D1126121D5DFF1008183C9 /* TipCalUITests.swift in Sources */ = {isa = PBXBuildFile; fileRef = C0D1126021D5DFF1008183C9 /* TipCalUITests.swift */; };
		C0D1127121D7162E008183C9 /* SettingsViewController.swift in Sources */ = {isa = PBXBuildFile; fileRef = C0D1127021D7162E008183C9 /* SettingsViewController.swift */; };
/* End PBXBuildFile section */

/* Begin PBXContainerItemProxy section */
		C0D1125221D5DFF1008183C9 /* PBXContainerItemProxy */ = {
			isa = PBXContainerItemProxy;
			containerPortal = C0D1123521D5DFED008183C9 /* Project object */;
			proxyType = 1;
			remoteGlobalIDString = C0D1123C21D5DFED008183C9;
			remoteInfo = TipCal;
		};
		C0D1125D21D5DFF1008183C9 /* PBXContainerItemProxy */ = {
			isa = PBXContainerItemProxy;
			containerPortal = C0D1123521D5DFED008183C9 /* Project object */;
			proxyType = 1;
			remoteGlobalIDString = C0D1123C21D5DFED008183C9;
			remoteInfo = TipCal;
		};
/* End PBXContainerItemProxy section */

/* Begin PBXFileReference section */
		C0D1123D21D5DFED008183C9 /* TipCal.app */ = {isa = PBXFileReference; explicitFileType = wrapper.application; includeInIndex = 0; path = TipCal.app; sourceTree = BUILT_PRODUCTS_DIR; };
		C0D1124021D5DFEE008183C9 /* AppDelegate.swift */ = {isa = PBXFileReference; lastKnownFileType = sourcecode.swift; path = AppDelegate.swift; sourceTree = "<group>"; };
		C0D1124221D5DFEE008183C9 /* ViewController.swift */ = {isa = PBXFileReference; lastKnownFileType = sourcecode.swift; path = ViewController.swift; sourceTree = "<group>"; };
		C0D1124521D5DFEE008183C9 /* Base */ = {isa = PBXFileReference; lastKnownFileType = file.storyboard; name = Base; path = Base.lproj/Main.storyboard; sourceTree = "<group>"; };
		C0D1124721D5DFF1008183C9 /* Assets.xcassets */ = {isa = PBXFileReference; lastKnownFileType = folder.assetcatalog; path = Assets.xcassets; sourceTree = "<group>"; };
		C0D1124A21D5DFF1008183C9 /* Base */ = {isa = PBXFileReference; lastKnownFileType = file.storyboard; name = Base; path = Base.lproj/LaunchScreen.storyboard; sourceTree = "<group>"; };
		C0D1124C21D5DFF1008183C9 /* Info.plist */ = {isa = PBXFileReference; lastKnownFileType = text.plist.xml; path = Info.plist; sourceTree = "<group>"; };
		C0D1125121D5DFF1008183C9 /* TipCalTests.xctest */ = {isa = PBXFileReference; explicitFileType = wrapper.cfbundle; includeInIndex = 0; path = TipCalTests.xctest; sourceTree = BUILT_PRODUCTS_DIR; };
		C0D1125521D5DFF1008183C9 /* TipCalTests.swift */ = {isa = PBXFileReference; lastKnownFileType = sourcecode.swift; path = TipCalTests.swift; sourceTree = "<group>"; };
		C0D1125721D5DFF1008183C9 /* Info.plist */ = {isa = PBXFileReference; lastKnownFileType = text.plist.xml; path = Info.plist; sourceTree = "<group>"; };
		C0D1125C21D5DFF1008183C9 /* TipCalUITests.xctest */ = {isa = PBXFileReference; explicitFileType = wrapper.cfbundle; includeInIndex = 0; path = TipCalUITests.xctest; sourceTree = BUILT_PRODUCTS_DIR; };
		C0D1126021D5DFF1008183C9 /* TipCalUITests.swift */ = {isa = PBXFileReference; lastKnownFileType = sourcecode.swift; path = TipCalUITests.swift; sourceTree = "<group>"; };
		C0D1126221D5DFF1008183C9 /* Info.plist */ = {isa = PBXFileReference; lastKnownFileType = text.plist.xml; path = Info.plist; sourceTree = "<group>"; };
		C0D1127021D7162E008183C9 /* SettingsViewController.swift */ = {isa = PBXFileReference; lastKnownFileType = sourcecode.swift; path = SettingsViewController.swift; sourceTree = "<group>"; };
/* End PBXFileReference section */

/* Begin PBXFrameworksBuildPhase section */
		C0D1123A21D5DFED008183C9 /* Frameworks */ = {
			isa = PBXFrameworksBuildPhase;
			buildActionMask = 2147483647;
			files = (
			);
			runOnlyForDeploymentPostprocessing = 0;
		};
		C0D1124E21D5DFF1008183C9 /* Frameworks */ = {
			isa = PBXFrameworksBuildPhase;
			buildActionMask = 2147483647;
			files = (
			);
			runOnlyForDeploymentPostprocessing = 0;
		};
		C0D1125921D5DFF1008183C9 /* Frameworks */ = {
			isa = PBXFrameworksBuildPhase;
			buildActionMask = 2147483647;
			files = (
			);
			runOnlyForDeploymentPostprocessing = 0;
		};
/* End PBXFrameworksBuildPhase section */

/* Begin PBXGroup section */
		C0D1123421D5DFED008183C9 = {
			isa = PBXGroup;
			children = (
				C0D1123F21D5DFED008183C9 /* TipCal */,
				C0D1125421D5DFF1008183C9 /* TipCalTests */,
				C0D1125F21D5DFF1008183C9 /* TipCalUITests */,
				C0D1123E21D5DFED008183C9 /* Products */,
			);
			sourceTree = "<group>";
		};
		C0D1123E21D5DFED008183C9 /* Products */ = {
			isa = PBXGroup;
			children = (
				C0D1123D21D5DFED008183C9 /* TipCal.app */,
				C0D1125121D5DFF1008183C9 /* TipCalTests.xctest */,
				C0D1125C21D5DFF1008183C9 /* TipCalUITests.xctest */,
			);
			name = Products;
			sourceTree = "<group>";
		};
		C0D1123F21D5DFED008183C9 /* TipCal */ = {
			isa = PBXGroup;
			children = (
				C0D1124021D5DFEE008183C9 /* AppDelegate.swift */,
				C0D1124221D5DFEE008183C9 /* ViewController.swift */,
				C0D1124421D5DFEE008183C9 /* Main.storyboard */,
				C0D1127021D7162E008183C9 /* SettingsViewController.swift */,
				C0D1124721D5DFF1008183C9 /* Assets.xcassets */,
				C0D1124921D5DFF1008183C9 /* LaunchScreen.storyboard */,
				C0D1124C21D5DFF1008183C9 /* Info.plist */,
			);
			path = TipCal;
			sourceTree = "<group>";
		};
		C0D1125421D5DFF1008183C9 /* TipCalTests */ = {
			isa = PBXGroup;
			children = (
				C0D1125521D5DFF1008183C9 /* TipCalTests.swift */,
				C0D1125721D5DFF1008183C9 /* Info.plist */,
			);
			path = TipCalTests;
			sourceTree = "<group>";
		};
		C0D1125F21D5DFF1008183C9 /* TipCalUITests */ = {
			isa = PBXGroup;
			children = (
				C0D1126021D5DFF1008183C9 /* TipCalUITests.swift */,
				C0D1126221D5DFF1008183C9 /* Info.plist */,
			);
			path = TipCalUITests;
			sourceTree = "<group>";
		};
/* End PBXGroup section */

/* Begin PBXNativeTarget section */
		C0D1123C21D5DFED008183C9 /* TipCal */ = {
			isa = PBXNativeTarget;
			buildConfigurationList = C0D1126521D5DFF1008183C9 /* Build configuration list for PBXNativeTarget "TipCal" */;
			buildPhases = (
				C0D1123921D5DFED008183C9 /* Sources */,
				C0D1123A21D5DFED008183C9 /* Frameworks */,
				C0D1123B21D5DFED008183C9 /* Resources */,
			);
			buildRules = (
			);
			dependencies = (
			);
			name = TipCal;
			productName = TipCal;
			productReference = C0D1123D21D5DFED008183C9 /* TipCal.app */;
			productType = "com.apple.product-type.application";
		};
		C0D1125021D5DFF1008183C9 /* TipCalTests */ = {
			isa = PBXNativeTarget;
			buildConfigurationList = C0D1126821D5DFF1008183C9 /* Build configuration list for PBXNativeTarget "TipCalTests" */;
			buildPhases = (
				C0D1124D21D5DFF1008183C9 /* Sources */,
				C0D1124E21D5DFF1008183C9 /* Frameworks */,
				C0D1124F21D5DFF1008183C9 /* Resources */,
			);
			buildRules = (
			);
			dependencies = (
				C0D1125321D5DFF1008183C9 /* PBXTargetDependency */,
			);
			name = TipCalTests;
			productName = TipCalTests;
			productReference = C0D1125121D5DFF1008183C9 /* TipCalTests.xctest */;
			productType = "com.apple.product-type.bundle.unit-test";
		};
		C0D1125B21D5DFF1008183C9 /* TipCalUITests */ = {
			isa = PBXNativeTarget;
			buildConfigurationList = C0D1126B21D5DFF1008183C9 /* Build configuration list for PBXNativeTarget "TipCalUITests" */;
			buildPhases = (
				C0D1125821D5DFF1008183C9 /* Sources */,
				C0D1125921D5DFF1008183C9 /* Frameworks */,
				C0D1125A21D5DFF1008183C9 /* Resources */,
			);
			buildRules = (
			);
			dependencies = (
				C0D1125E21D5DFF1008183C9 /* PBXTargetDependency */,
			);
			name = TipCalUITests;
			productName = TipCalUITests;
			productReference = C0D1125C21D5DFF1008183C9 /* TipCalUITests.xctest */;
			productType = "com.apple.product-type.bundle.ui-testing";
		};
/* End PBXNativeTarget section */

/* Begin PBXProject section */
		C0D1123521D5DFED008183C9 /* Project object */ = {
			isa = PBXProject;
			attributes = {
				LastSwiftUpdateCheck = 1010;
				LastUpgradeCheck = 1010;
				ORGANIZATIONNAME = "Grace To";
				TargetAttributes = {
					C0D1123C21D5DFED008183C9 = {
						CreatedOnToolsVersion = 10.1;
					};
					C0D1125021D5DFF1008183C9 = {
						CreatedOnToolsVersion = 10.1;
						TestTargetID = C0D1123C21D5DFED008183C9;
					};
					C0D1125B21D5DFF1008183C9 = {
						CreatedOnToolsVersion = 10.1;
						TestTargetID = C0D1123C21D5DFED008183C9;
					};
				};
			};
			buildConfigurationList = C0D1123821D5DFED008183C9 /* Build configuration list for PBXProject "TipCal" */;
			compatibilityVersion = "Xcode 9.3";
			developmentRegion = en;
			hasScannedForEncodings = 0;
			knownRegions = (
				en,
				Base,
			);
			mainGroup = C0D1123421D5DFED008183C9;
			productRefGroup = C0D1123E21D5DFED008183C9 /* Products */;
			projectDirPath = "";
			projectRoot = "";
			targets = (
				C0D1123C21D5DFED008183C9 /* TipCal */,
				C0D1125021D5DFF1008183C9 /* TipCalTests */,
				C0D1125B21D5DFF1008183C9 /* TipCalUITests */,
			);
		};
/* End PBXProject section */

/* Begin PBXResourcesBuildPhase section */
		C0D1123B21D5DFED008183C9 /* Resources */ = {
			isa = PBXResourcesBuildPhase;
			buildActionMask = 2147483647;
			files = (
				C0D1124B21D5DFF1008183C9 /* LaunchScreen.storyboard in Resources */,
				C0D1124821D5DFF1008183C9 /* Assets.xcassets in Resources */,
				C0D1124621D5DFEE008183C9 /* Main.storyboard in Resources */,
			);
			runOnlyForDeploymentPostprocessing = 0;
		};
		C0D1124F21D5DFF1008183C9 /* Resources */ = {
			isa = PBXResourcesBuildPhase;
			buildActionMask = 2147483647;
			files = (
			);
			runOnlyForDeploymentPostprocessing = 0;
		};
		C0D1125A21D5DFF1008183C9 /* Resources */ = {
			isa = PBXResourcesBuildPhase;
			buildActionMask = 2147483647;
			files = (
			);
			runOnlyForDeploymentPostprocessing = 0;
		};
/* End PBXResourcesBuildPhase section */

/* Begin PBXSourcesBuildPhase section */
		C0D1123921D5DFED008183C9 /* Sources */ = {
			isa = PBXSourcesBuildPhase;
			buildActionMask = 2147483647;
			files = (
				C0D1124321D5DFEE008183C9 /* ViewController.swift in Sources */,
				C0D1124121D5DFEE008183C9 /* AppDelegate.swift in Sources */,
				C0D1127121D7162E008183C9 /* SettingsViewController.swift in Sources */,
			);
			runOnlyForDeploymentPostprocessing = 0;
		};
		C0D1124D21D5DFF1008183C9 /* Sources */ = {
			isa = PBXSourcesBuildPhase;
			buildActionMask = 2147483647;
			files = (
				C0D1125621D5DFF1008183C9 /* TipCalTests.swift in Sources */,
			);
			runOnlyForDeploymentPostprocessing = 0;
		};
		C0D1125821D5DFF1008183C9 /* Sources */ = {
			isa = PBXSourcesBuildPhase;
			buildActionMask = 2147483647;
			files = (
				C0D1126121D5DFF1008183C9 /* TipCalUITests.swift in Sources */,
			);
			runOnlyForDeploymentPostprocessing = 0;
		};
/* End PBXSourcesBuildPhase section */

/* Begin PBXTargetDependency section */
		C0D1125321D5DFF1008183C9 /* PBXTargetDependency */ = {
			isa = PBXTargetDependency;
			target = C0D1123C21D5DFED008183C9 /* TipCal */;
			targetProxy = C0D1125221D5DFF1008183C9 /* PBXContainerItemProxy */;
		};
		C0D1125E21D5DFF1008183C9 /* PBXTargetDependency */ = {
			isa = PBXTargetDependency;
			target = C0D1123C21D5DFED008183C9 /* TipCal */;
			targetProxy = C0D1125D21D5DFF1008183C9 /* PBXContainerItemProxy */;
		};
/* End PBXTargetDependency section */

/* Begin PBXVariantGroup section */
		C0D1124421D5DFEE008183C9 /* Main.storyboard */ = {
			isa = PBXVariantGroup;
			children = (
				C0D1124521D5DFEE008183C9 /* Base */,
			);
			name = Main.storyboard;
			sourceTree = "<group>";
		};
		C0D1124921D5DFF1008183C9 /* LaunchScreen.storyboard */ = {
			isa = PBXVariantGroup;
			children = (
				C0D1124A21D5DFF1008183C9 /* Base */,
			);
			name = LaunchScreen.storyboard;
			sourceTree = "<group>";
		};
/* End PBXVariantGroup section */

/* Begin XCBuildConfiguration section */
		C0D1126321D5DFF1008183C9 /* Debug */ = {
			isa = XCBuildConfiguration;
			buildSettings = {
				ALWAYS_SEARCH_USER_PATHS = NO;
				CLANG_ANALYZER_NONNULL = YES;
				CLANG_ANALYZER_NUMBER_OBJECT_CONVERSION = YES_AGGRESSIVE;
				CLANG_CXX_LANGUAGE_STANDARD = "gnu++14";
				CLANG_CXX_LIBRARY = "libc++";
				CLANG_ENABLE_MODULES = YES;
				CLANG_ENABLE_OBJC_ARC = YES;
				CLANG_ENABLE_OBJC_WEAK = YES;
				CLANG_WARN_BLOCK_CAPTURE_AUTORELEASING = YES;
				CLANG_WARN_BOOL_CONVERSION = YES;
				CLANG_WARN_COMMA = YES;
				CLANG_WARN_CONSTANT_CONVERSION = YES;
				CLANG_WARN_DEPRECATED_OBJC_IMPLEMENTATIONS = YES;
				CLANG_WARN_DIRECT_OBJC_ISA_USAGE = YES_ERROR;
				CLANG_WARN_DOCUMENTATION_COMMENTS = YES;
				CLANG_WARN_EMPTY_BODY = YES;
				CLANG_WARN_ENUM_CONVERSION = YES;
				CLANG_WARN_INFINITE_RECURSION = YES;
				CLANG_WARN_INT_CONVERSION = YES;
				CLANG_WARN_NON_LITERAL_NULL_CONVERSION = YES;
				CLANG_WARN_OBJC_IMPLICIT_RETAIN_SELF = YES;
				CLANG_WARN_OBJC_LITERAL_CONVERSION = YES;
				CLANG_WARN_OBJC_ROOT_CLASS = YES_ERROR;
				CLANG_WARN_RANGE_LOOP_ANALYSIS = YES;
				CLANG_WARN_STRICT_PROTOTYPES = YES;
				CLANG_WARN_SUSPICIOUS_MOVE = YES;
				CLANG_WARN_UNGUARDED_AVAILABILITY = YES_AGGRESSIVE;
				CLANG_WARN_UNREACHABLE_CODE = YES;
				CLANG_WARN__DUPLICATE_METHOD_MATCH = YES;
				CODE_SIGN_IDENTITY = "iPhone Developer";
				COPY_PHASE_STRIP = NO;
				DEBUG_INFORMATION_FORMAT = dwarf;
				ENABLE_STRICT_OBJC_MSGSEND = YES;
				ENABLE_TESTABILITY = YES;
				GCC_C_LANGUAGE_STANDARD = gnu11;
				GCC_DYNAMIC_NO_PIC = NO;
				GCC_NO_COMMON_BLOCKS = YES;
				GCC_OPTIMIZATION_LEVEL = 0;
				GCC_PREPROCESSOR_DEFINITIONS = (
					"DEBUG=1",
					"$(inherited)",
				);
				GCC_WARN_64_TO_32_BIT_CONVERSION = YES;
				GCC_WARN_ABOUT_RETURN_TYPE = YES_ERROR;
				GCC_WARN_UNDECLARED_SELECTOR = YES;
				GCC_WARN_UNINITIALIZED_AUTOS = YES_AGGRESSIVE;
				GCC_WARN_UNUSED_FUNCTION = YES;
				GCC_WARN_UNUSED_VARIABLE = YES;
				IPHONEOS_DEPLOYMENT_TARGET = 12.1;
				MTL_ENABLE_DEBUG_INFO = INCLUDE_SOURCE;
				MTL_FAST_MATH = YES;
				ONLY_ACTIVE_ARCH = YES;
				SDKROOT = iphoneos;
				SWIFT_ACTIVE_COMPILATION_CONDITIONS = DEBUG;
				SWIFT_OPTIMIZATION_LEVEL = "-Onone";
			};
			name = Debug;
		};
		C0D1126421D5DFF1008183C9 /* Release */ = {
			isa = XCBuildConfiguration;
			buildSettings = {
				ALWAYS_SEARCH_USER_PATHS = NO;
				CLANG_ANALYZER_NONNULL = YES;
				CLANG_ANALYZER_NUMBER_OBJECT_CONVERSION = YES_AGGRESSIVE;
				CLANG_CXX_LANGUAGE_STANDARD = "gnu++14";
				CLANG_CXX_LIBRARY = "libc++";
				CLANG_ENABLE_MODULES = YES;
				CLANG_ENABLE_OBJC_ARC = YES;
				CLANG_ENABLE_OBJC_WEAK = YES;
				CLANG_WARN_BLOCK_CAPTURE_AUTORELEASING = YES;
				CLANG_WARN_BOOL_CONVERSION = YES;
				CLANG_WARN_COMMA = YES;
				CLANG_WARN_CONSTANT_CONVERSION = YES;
				CLANG_WARN_DEPRECATED_OBJC_IMPLEMENTATIONS = YES;
				CLANG_WARN_DIRECT_OBJC_ISA_USAGE = YES_ERROR;
				CLANG_WARN_DOCUMENTATION_COMMENTS = YES;
				CLANG_WARN_EMPTY_BODY = YES;
				CLANG_WARN_ENUM_CONVERSION = YES;
				CLANG_WARN_INFINITE_RECURSION = YES;
				CLANG_WARN_INT_CONVERSION = YES;
				CLANG_WARN_NON_LITERAL_NULL_CONVERSION = YES;
				CLANG_WARN_OBJC_IMPLICIT_RETAIN_SELF = YES;
				CLANG_WARN_OBJC_LITERAL_CONVERSION = YES;
				CLANG_WARN_OBJC_ROOT_CLASS = YES_ERROR;
				CLANG_WARN_RANGE_LOOP_ANALYSIS = YES;
				CLANG_WARN_STRICT_PROTOTYPES = YES;
				CLANG_WARN_SUSPICIOUS_MOVE = YES;
				CLANG_WARN_UNGUARDED_AVAILABILITY = YES_AGGRESSIVE;
				CLANG_WARN_UNREACHABLE_CODE = YES;
				CLANG_WARN__DUPLICATE_METHOD_MATCH = YES;
				CODE_SIGN_IDENTITY = "iPhone Developer";
				COPY_PHASE_STRIP = NO;
				DEBUG_INFORMATION_FORMAT = "dwarf-with-dsym";
				ENABLE_NS_ASSERTIONS = NO;
				ENABLE_STRICT_OBJC_MSGSEND = YES;
				GCC_C_LANGUAGE_STANDARD = gnu11;
				GCC_NO_COMMON_BLOCKS = YES;
				GCC_WARN_64_TO_32_BIT_CONVERSION = YES;
				GCC_WARN_ABOUT_RETURN_TYPE = YES_ERROR;
				GCC_WARN_UNDECLARED_SELECTOR = YES;
				GCC_WARN_UNINITIALIZED_AUTOS = YES_AGGRESSIVE;
				GCC_WARN_UNUSED_FUNCTION = YES;
				GCC_WARN_UNUSED_VARIABLE = YES;
				IPHONEOS_DEPLOYMENT_TARGET = 12.1;
				MTL_ENABLE_DEBUG_INFO = NO;
				MTL_FAST_MATH = YES;
				SDKROOT = iphoneos;
				SWIFT_COMPILATION_MODE = wholemodule;
				SWIFT_OPTIMIZATION_LEVEL = "-O";
				VALIDATE_PRODUCT = YES;
			};
			name = Release;
		};
		C0D1126621D5DFF1008183C9 /* Debug */ = {
			isa = XCBuildConfiguration;
			buildSettings = {
				ASSETCATALOG_COMPILER_APPICON_NAME = AppIcon;
				CODE_SIGN_STYLE = Automatic;
				INFOPLIST_FILE = TipCal/Info.plist;
				LD_RUNPATH_SEARCH_PATHS = (
					"$(inherited)",
					"@executable_path/Frameworks",
				);
				PRODUCT_BUNDLE_IDENTIFIER = com.graceto.TipCal;
				PRODUCT_NAME = "$(TARGET_NAME)";
				SWIFT_VERSION = 4.2;
				TARGETED_DEVICE_FAMILY = "1,2";
			};
			name = Debug;
		};
		C0D1126721D5DFF1008183C9 /* Release */ = {
			isa = XCBuildConfiguration;
			buildSettings = {
				ASSETCATALOG_COMPILER_APPICON_NAME = AppIcon;
				CODE_SIGN_STYLE = Automatic;
				INFOPLIST_FILE = TipCal/Info.plist;
				LD_RUNPATH_SEARCH_PATHS = (
					"$(inherited)",
					"@executable_path/Frameworks",
				);
				PRODUCT_BUNDLE_IDENTIFIER = com.graceto.TipCal;
				PRODUCT_NAME = "$(TARGET_NAME)";
				SWIFT_VERSION = 4.2;
				TARGETED_DEVICE_FAMILY = "1,2";
			};
			name = Release;
		};
		C0D1126921D5DFF1008183C9 /* Debug */ = {
			isa = XCBuildConfiguration;
			buildSettings = {
				ALWAYS_EMBED_SWIFT_STANDARD_LIBRARIES = YES;
				BUNDLE_LOADER = "$(TEST_HOST)";
				CODE_SIGN_STYLE = Automatic;
				INFOPLIST_FILE = TipCalTests/Info.plist;
				LD_RUNPATH_SEARCH_PATHS = (
					"$(inherited)",
					"@executable_path/Frameworks",
					"@loader_path/Frameworks",
				);
				PRODUCT_BUNDLE_IDENTIFIER = com.graceto.TipCalTests;
				PRODUCT_NAME = "$(TARGET_NAME)";
				SWIFT_VERSION = 4.2;
				TARGETED_DEVICE_FAMILY = "1,2";
				TEST_HOST = "$(BUILT_PRODUCTS_DIR)/TipCal.app/TipCal";
			};
			name = Debug;
		};
		C0D1126A21D5DFF1008183C9 /* Release */ = {
			isa = XCBuildConfiguration;
			buildSettings = {
				ALWAYS_EMBED_SWIFT_STANDARD_LIBRARIES = YES;
				BUNDLE_LOADER = "$(TEST_HOST)";
				CODE_SIGN_STYLE = Automatic;
				INFOPLIST_FILE = TipCalTests/Info.plist;
				LD_RUNPATH_SEARCH_PATHS = (
					"$(inherited)",
					"@executable_path/Frameworks",
					"@loader_path/Frameworks",
				);
				PRODUCT_BUNDLE_IDENTIFIER = com.graceto.TipCalTests;
				PRODUCT_NAME = "$(TARGET_NAME)";
				SWIFT_VERSION = 4.2;
				TARGETED_DEVICE_FAMILY = "1,2";
				TEST_HOST = "$(BUILT_PRODUCTS_DIR)/TipCal.app/TipCal";
			};
			name = Release;
		};
		C0D1126C21D5DFF1008183C9 /* Debug */ = {
			isa = XCBuildConfiguration;
			buildSettings = {
				ALWAYS_EMBED_SWIFT_STANDARD_LIBRARIES = YES;
				CODE_SIGN_STYLE = Automatic;
				INFOPLIST_FILE = TipCalUITests/Info.plist;
				LD_RUNPATH_SEARCH_PATHS = (
					"$(inherited)",
					"@executable_path/Frameworks",
					"@loader_path/Frameworks",
				);
				PRODUCT_BUNDLE_IDENTIFIER = com.graceto.TipCalUITests;
				PRODUCT_NAME = "$(TARGET_NAME)";
				SWIFT_VERSION = 4.2;
				TARGETED_DEVICE_FAMILY = "1,2";
				TEST_TARGET_NAME = TipCal;
			};
			name = Debug;
		};
		C0D1126D21D5DFF1008183C9 /* Release */ = {
			isa = XCBuildConfiguration;
			buildSettings = {
				ALWAYS_EMBED_SWIFT_STANDARD_LIBRARIES = YES;
				CODE_SIGN_STYLE = Automatic;
				INFOPLIST_FILE = TipCalUITests/Info.plist;
				LD_RUNPATH_SEARCH_PATHS = (
					"$(inherited)",
					"@executable_path/Frameworks",
					"@loader_path/Frameworks",
				);
				PRODUCT_BUNDLE_IDENTIFIER = com.graceto.TipCalUITests;
				PRODUCT_NAME = "$(TARGET_NAME)";
				SWIFT_VERSION = 4.2;
				TARGETED_DEVICE_FAMILY = "1,2";
				TEST_TARGET_NAME = TipCal;
			};
			name = Release;
		};
/* End XCBuildConfiguration section */

/* Begin XCConfigurationList section */
		C0D1123821D5DFED008183C9 /* Build configuration list for PBXProject "TipCal" */ = {
			isa = XCConfigurationList;
			buildConfigurations = (
				C0D1126321D5DFF1008183C9 /* Debug */,
				C0D1126421D5DFF1008183C9 /* Release */,
			);
			defaultConfigurationIsVisible = 0;
			defaultConfigurationName = Release;
		};
		C0D1126521D5DFF1008183C9 /* Build configuration list for PBXNativeTarget "TipCal" */ = {
			isa = XCConfigurationList;
			buildConfigurations = (
				C0D1126621D5DFF1008183C9 /* Debug */,
				C0D1126721D5DFF1008183C9 /* Release */,
			);
			defaultConfigurationIsVisible = 0;
			defaultConfigurationName = Release;
		};
		C0D1126821D5DFF1008183C9 /* Build configuration list for PBXNativeTarget "TipCalTests" */ = {
			isa = XCConfigurationList;
			buildConfigurations = (
				C0D1126921D5DFF1008183C9 /* Debug */,
				C0D1126A21D5DFF1008183C9 /* Release */,
			);
			defaultConfigurationIsVisible = 0;
			defaultConfigurationName = Release;
		};
		C0D1126B21D5DFF1008183C9 /* Build configuration list for PBXNativeTarget "TipCalUITests" */ = {
			isa = XCConfigurationList;
			buildConfigurations = (
				C0D1126C21D5DFF1008183C9 /* Debug */,
				C0D1126D21D5DFF1008183C9 /* Release */,
			);
			defaultConfigurationIsVisible = 0;
			defaultConfigurationName = Release;
		};
/* End XCConfigurationList section */
	};
	rootObject = C0D1123521D5DFED008183C9 /* Project object */;
}
